
Microsoft Visual Studio Solution File, Format Version 12.00
# Visual Studio Version 16
VisualStudioVersion = 16.0.30114.105
MinimumVisualStudioVersion = 10.0.40219.1
Project("{9A19103F-16F7-4668-BE54-9A1E7A4F7556}") = "WeddingImageGallery.Server", "Server\WeddingImageGallery.Server.csproj", "{0610CC52-8FA0-4481-B373-06C99A61A115}"
EndProject
Project("{9A19103F-16F7-4668-BE54-9A1E7A4F7556}") = "WeddingImageGallery.Client", "Client\WeddingImageGallery.Client.csproj", "{7041FE11-1DA9-42B3-AD45-816E7E7E55BB}"
EndProject
Project("{9A19103F-16F7-4668-BE54-9A1E7A4F7556}") = "WeddingImageGallery.Shared", "Shared\WeddingImageGallery.Shared.csproj", "{74E69AC4-BC84-4873-A107-F821089A895C}"
EndProject
Project("{2150E333-8FDC-42A3-9474-1A3956D46DE8}") = "Solution Items", "Solution Items", "{9F987D37-5229-4A9D-8B33-E6BA80366D77}"
	ProjectSection(SolutionItems) = preProject
		.editorconfig = .editorconfig
	EndProjectSection
EndProject
Project("{FAE04EC0-301F-11D3-BF4B-00C04F79EFBC}") = "WeddingImageGallery.Test", "WeddingImageGallery.Test\WeddingImageGallery.Test.csproj", "{D562DB1E-5F82-4B9A-9134-D5B237CA0841}"
EndProject
Global
	GlobalSection(SolutionConfigurationPlatforms) = preSolution
		Debug|Any CPU = Debug|Any CPU
		Release|Any CPU = Release|Any CPU
	EndGlobalSection
	GlobalSection(ProjectConfigurationPlatforms) = postSolution
		{0610CC52-8FA0-4481-B373-06C99A61A115}.Debug|Any CPU.ActiveCfg = Debug|Any CPU
		{0610CC52-8FA0-4481-B373-06C99A61A115}.Debug|Any CPU.Build.0 = Debug|Any CPU
		{0610CC52-8FA0-4481-B373-06C99A61A115}.Release|Any CPU.ActiveCfg = Release|Any CPU
		{0610CC52-8FA0-4481-B373-06C99A61A115}.Release|Any CPU.Build.0 = Release|Any CPU
		{7041FE11-1DA9-42B3-AD45-816E7E7E55BB}.Debug|Any CPU.ActiveCfg = Debug|Any CPU
		{7041FE11-1DA9-42B3-AD45-816E7E7E55BB}.Debug|Any CPU.Build.0 = Debug|Any CPU
		{7041FE11-1DA9-42B3-AD45-816E7E7E55BB}.Release|Any CPU.ActiveCfg = Release|Any CPU
		{7041FE11-1DA9-42B3-AD45-816E7E7E55BB}.Release|Any CPU.Build.0 = Release|Any CPU
		{74E69AC4-BC84-4873-A107-F821089A895C}.Debug|Any CPU.ActiveCfg = Debug|Any CPU
		{74E69AC4-BC84-4873-A107-F821089A895C}.Debug|Any CPU.Build.0 = Debug|Any CPU
		{74E69AC4-BC84-4873-A107-F821089A895C}.Release|Any CPU.ActiveCfg = Release|Any CPU
		{74E69AC4-BC84-4873-A107-F821089A895C}.Release|Any CPU.Build.0 = Release|Any CPU
		{D562DB1E-5F82-4B9A-9134-D5B237CA0841}.Debug|Any CPU.ActiveCfg = Debug|Any CPU
		{D562DB1E-5F82-4B9A-9134-D5B237CA0841}.Debug|Any CPU.Build.0 = Debug|Any CPU
		{D562DB1E-5F82-4B9A-9134-D5B237CA0841}.Release|Any CPU.ActiveCfg = Release|Any CPU
		{D562DB1E-5F82-4B9A-9134-D5B237CA0841}.Release|Any CPU.Build.0 = Release|Any CPU
	EndGlobalSection
	GlobalSection(SolutionProperties) = preSolution
		HideSolutionNode = FALSE
	EndGlobalSection
	GlobalSection(ExtensibilityGlobals) = postSolution
		SolutionGuid = {E5086107-20D1-4507-BC30-BAF18471362E}
	EndGlobalSection
EndGlobal
